
Microsoft Visual Studio Solution File, Format Version 12.00
# Visual Studio Version 17
VisualStudioVersion = 17.11.35219.272
MinimumVisualStudioVersion = 10.0.40219.1
Project("{FAE04EC0-301F-11D3-BF4B-00C04F79EFBC}") = "WpfApp1", "WpfApp1\WpfApp1.csproj", "{B4CB999B-6E39-4014-BC1C-5BFC9B28D56E}"
EndProject
Global
	GlobalSection(SolutionConfigurationPlatforms) = preSolution
		Debug|Any CPU = Debug|Any CPU
		Release|Any CPU = Release|Any CPU
	EndGlobalSection
	GlobalSection(ProjectConfigurationPlatforms) = postSolution
		{B4CB999B-6E39-4014-BC1C-5BFC9B28D56E}.Debug|Any CPU.ActiveCfg = Debug|Any CPU
		{B4CB999B-6E39-4014-BC1C-5BFC9B28D56E}.Debug|Any CPU.Build.0 = Debug|Any CPU
		{B4CB999B-6E39-4014-BC1C-5BFC9B28D56E}.Release|Any CPU.ActiveCfg = Release|Any CPU
		{B4CB999B-6E39-4014-BC1C-5BFC9B28D56E}.Release|Any CPU.Build.0 = Release|Any CPU
	EndGlobalSection
	GlobalSection(SolutionProperties) = preSolution
		HideSolutionNode = FALSE
	EndGlobalSection
	GlobalSection(ExtensibilityGlobals) = postSolution
		SolutionGuid = {4FD5F345-448A-4683-8179-6884E6D1B5A9}
	EndGlobalSection
EndGlobal
